// !$*UTF8*$!
{
	archiveVersion = 1;
	classes = {
	};
	objectVersion = 46;
	objects = {

/* Begin PBXBuildFile section */
		1BB59B0F1839F0AC00DB5BBA /* Foundation.framework in Frameworks */ = {isa = PBXBuildFile; fileRef = 1BB59B0E1839F0AC00DB5BBA /* Foundation.framework */; };
		1BB59B111839F0AC00DB5BBA /* CoreGraphics.framework in Frameworks */ = {isa = PBXBuildFile; fileRef = 1BB59B101839F0AC00DB5BBA /* CoreGraphics.framework */; };
		1BB59B131839F0AC00DB5BBA /* UIKit.framework in Frameworks */ = {isa = PBXBuildFile; fileRef = 1BB59B121839F0AC00DB5BBA /* UIKit.framework */; };
		1BB59B191839F0AC00DB5BBA /* InfoPlist.strings in Resources */ = {isa = PBXBuildFile; fileRef = 1BB59B171839F0AC00DB5BBA /* InfoPlist.strings */; };
		1BB59B1B1839F0AC00DB5BBA /* main.m in Sources */ = {isa = PBXBuildFile; fileRef = 1BB59B1A1839F0AC00DB5BBA /* main.m */; };
		1BB59B1F1839F0AC00DB5BBA /* AppDelegate.m in Sources */ = {isa = PBXBuildFile; fileRef = 1BB59B1E1839F0AC00DB5BBA /* AppDelegate.m */; };
		1BB59B221839F0AC00DB5BBA /* Main_iPhone.storyboard in Resources */ = {isa = PBXBuildFile; fileRef = 1BB59B201839F0AC00DB5BBA /* Main_iPhone.storyboard */; };
		1BB59B251839F0AC00DB5BBA /* Main_iPad.storyboard in Resources */ = {isa = PBXBuildFile; fileRef = 1BB59B231839F0AC00DB5BBA /* Main_iPad.storyboard */; };
		1BB59B281839F0AC00DB5BBA /* ViewController.m in Sources */ = {isa = PBXBuildFile; fileRef = 1BB59B271839F0AC00DB5BBA /* ViewController.m */; };
		1BB59B2A1839F0AC00DB5BBA /* Images.xcassets in Resources */ = {isa = PBXBuildFile; fileRef = 1BB59B291839F0AC00DB5BBA /* Images.xcassets */; };
		1BB59B311839F0AC00DB5BBA /* XCTest.framework in Frameworks */ = {isa = PBXBuildFile; fileRef = 1BB59B301839F0AC00DB5BBA /* XCTest.framework */; };
		1BB59B321839F0AC00DB5BBA /* Foundation.framework in Frameworks */ = {isa = PBXBuildFile; fileRef = 1BB59B0E1839F0AC00DB5BBA /* Foundation.framework */; };
		1BB59B331839F0AC00DB5BBA /* UIKit.framework in Frameworks */ = {isa = PBXBuildFile; fileRef = 1BB59B121839F0AC00DB5BBA /* UIKit.framework */; };
		1BB59B3B1839F0AC00DB5BBA /* InfoPlist.strings in Resources */ = {isa = PBXBuildFile; fileRef = 1BB59B391839F0AC00DB5BBA /* InfoPlist.strings */; };
		1BB59B481839F15F00DB5BBA /* StringCalculator.m in Sources */ = {isa = PBXBuildFile; fileRef = 1BB59B471839F15F00DB5BBA /* StringCalculator.m */; };
		1BB59B4A1839F19100DB5BBA /* StringCalculatorSpec.m in Sources */ = {isa = PBXBuildFile; fileRef = 1BB59B491839F19100DB5BBA /* StringCalculatorSpec.m */; };
		1BB59B4D1839F6D300DB5BBA /* NSString+checkNum.m in Sources */ = {isa = PBXBuildFile; fileRef = 1BB59B4C1839F6D300DB5BBA /* NSString+checkNum.m */; };
		684F025C812B4803A4DB4E13 /* libPods-Kata1_1711Tests.a in Frameworks */ = {isa = PBXBuildFile; fileRef = 318100DFE2F34352997D3906 /* libPods-Kata1_1711Tests.a */; };
/* End PBXBuildFile section */

/* Begin PBXContainerItemProxy section */
		1BB59B341839F0AC00DB5BBA /* PBXContainerItemProxy */ = {
			isa = PBXContainerItemProxy;
			containerPortal = 1BB59B031839F0AC00DB5BBA /* Project object */;
			proxyType = 1;
			remoteGlobalIDString = 1BB59B0A1839F0AC00DB5BBA;
			remoteInfo = Kata1_1711;
		};
/* End PBXContainerItemProxy section */

/* Begin PBXFileReference section */
		1BB59B0B1839F0AC00DB5BBA /* Kata1_1711.app */ = {isa = PBXFileReference; explicitFileType = wrapper.application; includeInIndex = 0; path = Kata1_1711.app; sourceTree = BUILT_PRODUCTS_DIR; };
		1BB59B0E1839F0AC00DB5BBA /* Foundation.framework */ = {isa = PBXFileReference; lastKnownFileType = wrapper.framework; name = Foundation.framework; path = System/Library/Frameworks/Foundation.framework; sourceTree = SDKROOT; };
		1BB59B101839F0AC00DB5BBA /* CoreGraphics.framework */ = {isa = PBXFileReference; lastKnownFileType = wrapper.framework; name = CoreGraphics.framework; path = System/Library/Frameworks/CoreGraphics.framework; sourceTree = SDKROOT; };
		1BB59B121839F0AC00DB5BBA /* UIKit.framework */ = {isa = PBXFileReference; lastKnownFileType = wrapper.framework; name = UIKit.framework; path = System/Library/Frameworks/UIKit.framework; sourceTree = SDKROOT; };
		1BB59B161839F0AC00DB5BBA /* Kata1_1711-Info.plist */ = {isa = PBXFileReference; lastKnownFileType = text.plist.xml; path = "Kata1_1711-Info.plist"; sourceTree = "<group>"; };
		1BB59B181839F0AC00DB5BBA /* en */ = {isa = PBXFileReference; lastKnownFileType = text.plist.strings; name = en; path = en.lproj/InfoPlist.strings; sourceTree = "<group>"; };
		1BB59B1A1839F0AC00DB5BBA /* main.m */ = {isa = PBXFileReference; lastKnownFileType = sourcecode.c.objc; path = main.m; sourceTree = "<group>"; };
		1BB59B1C1839F0AC00DB5BBA /* Kata1_1711-Prefix.pch */ = {isa = PBXFileReference; lastKnownFileType = sourcecode.c.h; path = "Kata1_1711-Prefix.pch"; sourceTree = "<group>"; };
		1BB59B1D1839F0AC00DB5BBA /* AppDelegate.h */ = {isa = PBXFileReference; lastKnownFileType = sourcecode.c.h; path = AppDelegate.h; sourceTree = "<group>"; };
		1BB59B1E1839F0AC00DB5BBA /* AppDelegate.m */ = {isa = PBXFileReference; lastKnownFileType = sourcecode.c.objc; path = AppDelegate.m; sourceTree = "<group>"; };
		1BB59B211839F0AC00DB5BBA /* Base */ = {isa = PBXFileReference; lastKnownFileType = file.storyboard; name = Base; path = Base.lproj/Main_iPhone.storyboard; sourceTree = "<group>"; };
		1BB59B241839F0AC00DB5BBA /* Base */ = {isa = PBXFileReference; lastKnownFileType = file.storyboard; name = Base; path = Base.lproj/Main_iPad.storyboard; sourceTree = "<group>"; };
		1BB59B261839F0AC00DB5BBA /* ViewController.h */ = {isa = PBXFileReference; lastKnownFileType = sourcecode.c.h; path = ViewController.h; sourceTree = "<group>"; };
		1BB59B271839F0AC00DB5BBA /* ViewController.m */ = {isa = PBXFileReference; lastKnownFileType = sourcecode.c.objc; path = ViewController.m; sourceTree = "<group>"; };
		1BB59B291839F0AC00DB5BBA /* Images.xcassets */ = {isa = PBXFileReference; lastKnownFileType = folder.assetcatalog; path = Images.xcassets; sourceTree = "<group>"; };
		1BB59B2F1839F0AC00DB5BBA /* Kata1_1711Tests.xctest */ = {isa = PBXFileReference; explicitFileType = wrapper.cfbundle; includeInIndex = 0; path = Kata1_1711Tests.xctest; sourceTree = BUILT_PRODUCTS_DIR; };
		1BB59B301839F0AC00DB5BBA /* XCTest.framework */ = {isa = PBXFileReference; lastKnownFileType = wrapper.framework; name = XCTest.framework; path = Library/Frameworks/XCTest.framework; sourceTree = DEVELOPER_DIR; };
		1BB59B381839F0AC00DB5BBA /* Kata1_1711Tests-Info.plist */ = {isa = PBXFileReference; lastKnownFileType = text.plist.xml; path = "Kata1_1711Tests-Info.plist"; sourceTree = "<group>"; };
		1BB59B3A1839F0AC00DB5BBA /* en */ = {isa = PBXFileReference; lastKnownFileType = text.plist.strings; name = en; path = en.lproj/InfoPlist.strings; sourceTree = "<group>"; };
		1BB59B461839F15F00DB5BBA /* StringCalculator.h */ = {isa = PBXFileReference; fileEncoding = 4; lastKnownFileType = sourcecode.c.h; path = StringCalculator.h; sourceTree = "<group>"; };
		1BB59B471839F15F00DB5BBA /* StringCalculator.m */ = {isa = PBXFileReference; fileEncoding = 4; lastKnownFileType = sourcecode.c.objc; path = StringCalculator.m; sourceTree = "<group>"; };
		1BB59B491839F19100DB5BBA /* StringCalculatorSpec.m */ = {isa = PBXFileReference; fileEncoding = 4; lastKnownFileType = sourcecode.c.objc; path = StringCalculatorSpec.m; sourceTree = "<group>"; };
		1BB59B4B1839F6D300DB5BBA /* NSString+checkNum.h */ = {isa = PBXFileReference; fileEncoding = 4; lastKnownFileType = sourcecode.c.h; path = "NSString+checkNum.h"; sourceTree = "<group>"; };
		1BB59B4C1839F6D300DB5BBA /* NSString+checkNum.m */ = {isa = PBXFileReference; fileEncoding = 4; lastKnownFileType = sourcecode.c.objc; path = "NSString+checkNum.m"; sourceTree = "<group>"; };
		318100DFE2F34352997D3906 /* libPods-Kata1_1711Tests.a */ = {isa = PBXFileReference; explicitFileType = archive.ar; includeInIndex = 0; path = "libPods-Kata1_1711Tests.a"; sourceTree = BUILT_PRODUCTS_DIR; };
		DCB97CD166C14D4FAD1AC034 /* Pods-Kata1_1711Tests.xcconfig */ = {isa = PBXFileReference; includeInIndex = 1; lastKnownFileType = text.xcconfig; name = "Pods-Kata1_1711Tests.xcconfig"; path = "Pods/Pods-Kata1_1711Tests.xcconfig"; sourceTree = SOURCE_ROOT; };
/* End PBXFileReference section */

/* Begin PBXFrameworksBuildPhase section */
		1BB59B081839F0AC00DB5BBA /* Frameworks */ = {
			isa = PBXFrameworksBuildPhase;
			buildActionMask = 2147483647;
			files = (
				1BB59B111839F0AC00DB5BBA /* CoreGraphics.framework in Frameworks */,
				1BB59B131839F0AC00DB5BBA /* UIKit.framework in Frameworks */,
				1BB59B0F1839F0AC00DB5BBA /* Foundation.framework in Frameworks */,
			);
			runOnlyForDeploymentPostprocessing = 0;
		};
		1BB59B2C1839F0AC00DB5BBA /* Frameworks */ = {
			isa = PBXFrameworksBuildPhase;
			buildActionMask = 2147483647;
			files = (
				1BB59B311839F0AC00DB5BBA /* XCTest.framework in Frameworks */,
				1BB59B331839F0AC00DB5BBA /* UIKit.framework in Frameworks */,
				1BB59B321839F0AC00DB5BBA /* Foundation.framework in Frameworks */,
				684F025C812B4803A4DB4E13 /* libPods-Kata1_1711Tests.a in Frameworks */,
			);
			runOnlyForDeploymentPostprocessing = 0;
		};
/* End PBXFrameworksBuildPhase section */

/* Begin PBXGroup section */
		1BB59B021839F0AC00DB5BBA = {
			isa = PBXGroup;
			children = (
				1BB59B141839F0AC00DB5BBA /* Kata1_1711 */,
				1BB59B361839F0AC00DB5BBA /* Kata1_1711Tests */,
				1BB59B0D1839F0AC00DB5BBA /* Frameworks */,
				1BB59B0C1839F0AC00DB5BBA /* Products */,
				DCB97CD166C14D4FAD1AC034 /* Pods-Kata1_1711Tests.xcconfig */,
			);
			sourceTree = "<group>";
		};
		1BB59B0C1839F0AC00DB5BBA /* Products */ = {
			isa = PBXGroup;
			children = (
				1BB59B0B1839F0AC00DB5BBA /* Kata1_1711.app */,
				1BB59B2F1839F0AC00DB5BBA /* Kata1_1711Tests.xctest */,
			);
			name = Products;
			sourceTree = "<group>";
		};
		1BB59B0D1839F0AC00DB5BBA /* Frameworks */ = {
			isa = PBXGroup;
			children = (
				1BB59B0E1839F0AC00DB5BBA /* Foundation.framework */,
				1BB59B101839F0AC00DB5BBA /* CoreGraphics.framework */,
				1BB59B121839F0AC00DB5BBA /* UIKit.framework */,
				1BB59B301839F0AC00DB5BBA /* XCTest.framework */,
				318100DFE2F34352997D3906 /* libPods-Kata1_1711Tests.a */,
			);
			name = Frameworks;
			sourceTree = "<group>";
		};
		1BB59B141839F0AC00DB5BBA /* Kata1_1711 */ = {
			isa = PBXGroup;
			children = (
				1BB59B1D1839F0AC00DB5BBA /* AppDelegate.h */,
				1BB59B1E1839F0AC00DB5BBA /* AppDelegate.m */,
				1BB59B201839F0AC00DB5BBA /* Main_iPhone.storyboard */,
				1BB59B231839F0AC00DB5BBA /* Main_iPad.storyboard */,
				1BB59B261839F0AC00DB5BBA /* ViewController.h */,
				1BB59B271839F0AC00DB5BBA /* ViewController.m */,
				1BB59B291839F0AC00DB5BBA /* Images.xcassets */,
				1BB59B151839F0AC00DB5BBA /* Supporting Files */,
				1BB59B461839F15F00DB5BBA /* StringCalculator.h */,
				1BB59B471839F15F00DB5BBA /* StringCalculator.m */,
				1BB59B4B1839F6D300DB5BBA /* NSString+checkNum.h */,
				1BB59B4C1839F6D300DB5BBA /* NSString+checkNum.m */,
			);
			path = Kata1_1711;
			sourceTree = "<group>";
		};
		1BB59B151839F0AC00DB5BBA /* Supporting Files */ = {
			isa = PBXGroup;
			children = (
				1BB59B161839F0AC00DB5BBA /* Kata1_1711-Info.plist */,
				1BB59B171839F0AC00DB5BBA /* InfoPlist.strings */,
				1BB59B1A1839F0AC00DB5BBA /* main.m */,
				1BB59B1C1839F0AC00DB5BBA /* Kata1_1711-Prefix.pch */,
			);
			name = "Supporting Files";
			sourceTree = "<group>";
		};
		1BB59B361839F0AC00DB5BBA /* Kata1_1711Tests */ = {
			isa = PBXGroup;
			children = (
				1BB59B371839F0AC00DB5BBA /* Supporting Files */,
				1BB59B491839F19100DB5BBA /* StringCalculatorSpec.m */,
			);
			path = Kata1_1711Tests;
			sourceTree = "<group>";
		};
		1BB59B371839F0AC00DB5BBA /* Supporting Files */ = {
			isa = PBXGroup;
			children = (
				1BB59B381839F0AC00DB5BBA /* Kata1_1711Tests-Info.plist */,
				1BB59B391839F0AC00DB5BBA /* InfoPlist.strings */,
			);
			name = "Supporting Files";
			sourceTree = "<group>";
		};
/* End PBXGroup section */

/* Begin PBXNativeTarget section */
		1BB59B0A1839F0AC00DB5BBA /* Kata1_1711 */ = {
			isa = PBXNativeTarget;
			buildConfigurationList = 1BB59B401839F0AC00DB5BBA /* Build configuration list for PBXNativeTarget "Kata1_1711" */;
			buildPhases = (
				1BB59B071839F0AC00DB5BBA /* Sources */,
				1BB59B081839F0AC00DB5BBA /* Frameworks */,
				1BB59B091839F0AC00DB5BBA /* Resources */,
			);
			buildRules = (
			);
			dependencies = (
			);
			name = Kata1_1711;
			productName = Kata1_1711;
			productReference = 1BB59B0B1839F0AC00DB5BBA /* Kata1_1711.app */;
			productType = "com.apple.product-type.application";
		};
		1BB59B2E1839F0AC00DB5BBA /* Kata1_1711Tests */ = {
			isa = PBXNativeTarget;
			buildConfigurationList = 1BB59B431839F0AC00DB5BBA /* Build configuration list for PBXNativeTarget "Kata1_1711Tests" */;
			buildPhases = (
				536C0BD9B5B34D1F85BA1A5D /* Check Pods Manifest.lock */,
				1BB59B2B1839F0AC00DB5BBA /* Sources */,
				1BB59B2C1839F0AC00DB5BBA /* Frameworks */,
				1BB59B2D1839F0AC00DB5BBA /* Resources */,
				FF19A62DCF8B4E518A1ED2CF /* Copy Pods Resources */,
			);
			buildRules = (
			);
			dependencies = (
				1BB59B351839F0AC00DB5BBA /* PBXTargetDependency */,
			);
			name = Kata1_1711Tests;
			productName = Kata1_1711Tests;
			productReference = 1BB59B2F1839F0AC00DB5BBA /* Kata1_1711Tests.xctest */;
			productType = "com.apple.product-type.bundle.unit-test";
		};
/* End PBXNativeTarget section */

/* Begin PBXProject section */
		1BB59B031839F0AC00DB5BBA /* Project object */ = {
			isa = PBXProject;
			attributes = {
				LastUpgradeCheck = 0500;
				ORGANIZATIONNAME = "Hoang Manh Truong";
				TargetAttributes = {
					1BB59B2E1839F0AC00DB5BBA = {
						TestTargetID = 1BB59B0A1839F0AC00DB5BBA;
					};
				};
			};
			buildConfigurationList = 1BB59B061839F0AC00DB5BBA /* Build configuration list for PBXProject "Kata1_1711" */;
			compatibilityVersion = "Xcode 3.2";
			developmentRegion = English;
			hasScannedForEncodings = 0;
			knownRegions = (
				en,
				Base,
			);
			mainGroup = 1BB59B021839F0AC00DB5BBA;
			productRefGroup = 1BB59B0C1839F0AC00DB5BBA /* Products */;
			projectDirPath = "";
			projectRoot = "";
			targets = (
				1BB59B0A1839F0AC00DB5BBA /* Kata1_1711 */,
				1BB59B2E1839F0AC00DB5BBA /* Kata1_1711Tests */,
			);
		};
/* End PBXProject section */

/* Begin PBXResourcesBuildPhase section */
		1BB59B091839F0AC00DB5BBA /* Resources */ = {
			isa = PBXResourcesBuildPhase;
			buildActionMask = 2147483647;
			files = (
				1BB59B251839F0AC00DB5BBA /* Main_iPad.storyboard in Resources */,
				1BB59B2A1839F0AC00DB5BBA /* Images.xcassets in Resources */,
				1BB59B221839F0AC00DB5BBA /* Main_iPhone.storyboard in Resources */,
				1BB59B191839F0AC00DB5BBA /* InfoPlist.strings in Resources */,
			);
			runOnlyForDeploymentPostprocessing = 0;
		};
		1BB59B2D1839F0AC00DB5BBA /* Resources */ = {
			isa = PBXResourcesBuildPhase;
			buildActionMask = 2147483647;
			files = (
				1BB59B3B1839F0AC00DB5BBA /* InfoPlist.strings in Resources */,
			);
			runOnlyForDeploymentPostprocessing = 0;
		};
/* End PBXResourcesBuildPhase section */

/* Begin PBXShellScriptBuildPhase section */
		536C0BD9B5B34D1F85BA1A5D /* Check Pods Manifest.lock */ = {
			isa = PBXShellScriptBuildPhase;
			buildActionMask = 2147483647;
			files = (
			);
			inputPaths = (
			);
			name = "Check Pods Manifest.lock";
			outputPaths = (
			);
			runOnlyForDeploymentPostprocessing = 0;
			shellPath = /bin/sh;
			shellScript = "diff \"${PODS_ROOT}/../Podfile.lock\" \"${PODS_ROOT}/Manifest.lock\" > /dev/null\nif [[ $? != 0 ]] ; then\n    cat << EOM\nerror: The sandbox is not in sync with the Podfile.lock. Run 'pod install' or update your CocoaPods installation.\nEOM\n    exit 1\nfi\n";
		};
		FF19A62DCF8B4E518A1ED2CF /* Copy Pods Resources */ = {
			isa = PBXShellScriptBuildPhase;
			buildActionMask = 2147483647;
			files = (
			);
			inputPaths = (
			);
			name = "Copy Pods Resources";
			outputPaths = (
			);
			runOnlyForDeploymentPostprocessing = 0;
			shellPath = /bin/sh;
			shellScript = "\"${SRCROOT}/Pods/Pods-Kata1_1711Tests-resources.sh\"\n";
		};
/* End PBXShellScriptBuildPhase section */

/* Begin PBXSourcesBuildPhase section */
		1BB59B071839F0AC00DB5BBA /* Sources */ = {
			isa = PBXSourcesBuildPhase;
			buildActionMask = 2147483647;
			files = (
				1BB59B4D1839F6D300DB5BBA /* NSString+checkNum.m in Sources */,
				1BB59B281839F0AC00DB5BBA /* ViewController.m in Sources */,
				1BB59B1F1839F0AC00DB5BBA /* AppDelegate.m in Sources */,
				1BB59B481839F15F00DB5BBA /* StringCalculator.m in Sources */,
				1BB59B1B1839F0AC00DB5BBA /* main.m in Sources */,
			);
			runOnlyForDeploymentPostprocessing = 0;
		};
		1BB59B2B1839F0AC00DB5BBA /* Sources */ = {
			isa = PBXSourcesBuildPhase;
			buildActionMask = 2147483647;
			files = (
				1BB59B4A1839F19100DB5BBA /* StringCalculatorSpec.m in Sources */,
			);
			runOnlyForDeploymentPostprocessing = 0;
		};
/* End PBXSourcesBuildPhase section */

/* Begin PBXTargetDependency section */
		1BB59B351839F0AC00DB5BBA /* PBXTargetDependency */ = {
			isa = PBXTargetDependency;
			target = 1BB59B0A1839F0AC00DB5BBA /* Kata1_1711 */;
			targetProxy = 1BB59B341839F0AC00DB5BBA /* PBXContainerItemProxy */;
		};
/* End PBXTargetDependency section */

/* Begin PBXVariantGroup section */
		1BB59B171839F0AC00DB5BBA /* InfoPlist.strings */ = {
			isa = PBXVariantGroup;
			children = (
				1BB59B181839F0AC00DB5BBA /* en */,
			);
			name = InfoPlist.strings;
			sourceTree = "<group>";
		};
		1BB59B201839F0AC00DB5BBA /* Main_iPhone.storyboard */ = {
			isa = PBXVariantGroup;
			children = (
				1BB59B211839F0AC00DB5BBA /* Base */,
			);
			name = Main_iPhone.storyboard;
			sourceTree = "<group>";
		};
		1BB59B231839F0AC00DB5BBA /* Main_iPad.storyboard */ = {
			isa = PBXVariantGroup;
			children = (
				1BB59B241839F0AC00DB5BBA /* Base */,
			);
			name = Main_iPad.storyboard;
			sourceTree = "<group>";
		};
		1BB59B391839F0AC00DB5BBA /* InfoPlist.strings */ = {
			isa = PBXVariantGroup;
			children = (
				1BB59B3A1839F0AC00DB5BBA /* en */,
			);
			name = InfoPlist.strings;
			sourceTree = "<group>";
		};
/* End PBXVariantGroup section */

/* Begin XCBuildConfiguration section */
		1BB59B3E1839F0AC00DB5BBA /* Debug */ = {
			isa = XCBuildConfiguration;
			buildSettings = {
				ALWAYS_SEARCH_USER_PATHS = NO;
				ARCHS = "$(ARCHS_STANDARD_INCLUDING_64_BIT)";
				CLANG_CXX_LANGUAGE_STANDARD = "gnu++0x";
				CLANG_CXX_LIBRARY = "libc++";
				CLANG_ENABLE_MODULES = YES;
				CLANG_ENABLE_OBJC_ARC = YES;
				CLANG_WARN_BOOL_CONVERSION = YES;
				CLANG_WARN_CONSTANT_CONVERSION = YES;
				CLANG_WARN_DIRECT_OBJC_ISA_USAGE = YES_ERROR;
				CLANG_WARN_EMPTY_BODY = YES;
				CLANG_WARN_ENUM_CONVERSION = YES;
				CLANG_WARN_INT_CONVERSION = YES;
				CLANG_WARN_OBJC_ROOT_CLASS = YES_ERROR;
				CLANG_WARN__DUPLICATE_METHOD_MATCH = YES;
				"CODE_SIGN_IDENTITY[sdk=iphoneos*]" = "iPhone Developer";
				COPY_PHASE_STRIP = NO;
				GCC_C_LANGUAGE_STANDARD = gnu99;
				GCC_DYNAMIC_NO_PIC = NO;
				GCC_OPTIMIZATION_LEVEL = 0;
				GCC_PREPROCESSOR_DEFINITIONS = (
					"DEBUG=1",
					"$(inherited)",
				);
				GCC_SYMBOLS_PRIVATE_EXTERN = NO;
				GCC_WARN_64_TO_32_BIT_CONVERSION = YES;
				GCC_WARN_ABOUT_RETURN_TYPE = YES_ERROR;
				GCC_WARN_UNDECLARED_SELECTOR = YES;
				GCC_WARN_UNINITIALIZED_AUTOS = YES;
				GCC_WARN_UNUSED_FUNCTION = YES;
				GCC_WARN_UNUSED_VARIABLE = YES;
				IPHONEOS_DEPLOYMENT_TARGET = 7.0;
				ONLY_ACTIVE_ARCH = YES;
				SDKROOT = iphoneos;
				TARGETED_DEVICE_FAMILY = "1,2";
			};
			name = Debug;
		};
		1BB59B3F1839F0AC00DB5BBA /* Release */ = {
			isa = XCBuildConfiguration;
			buildSettings = {
				ALWAYS_SEARCH_USER_PATHS = NO;
				ARCHS = "$(ARCHS_STANDARD_INCLUDING_64_BIT)";
				CLANG_CXX_LANGUAGE_STANDARD = "gnu++0x";
				CLANG_CXX_LIBRARY = "libc++";
				CLANG_ENABLE_MODULES = YES;
				CLANG_ENABLE_OBJC_ARC = YES;
				CLANG_WARN_BOOL_CONVERSION = YES;
				CLANG_WARN_CONSTANT_CONVERSION = YES;
				CLANG_WARN_DIRECT_OBJC_ISA_USAGE = YES_ERROR;
				CLANG_WARN_EMPTY_BODY = YES;
				CLANG_WARN_ENUM_CONVERSION = YES;
				CLANG_WARN_INT_CONVERSION = YES;
				CLANG_WARN_OBJC_ROOT_CLASS = YES_ERROR;
				CLANG_WARN__DUPLICATE_METHOD_MATCH = YES;
				"CODE_SIGN_IDENTITY[sdk=iphoneos*]" = "iPhone Developer";
				COPY_PHASE_STRIP = YES;
				ENABLE_NS_ASSERTIONS = NO;
				GCC_C_LANGUAGE_STANDARD = gnu99;
				GCC_WARN_64_TO_32_BIT_CONVERSION = YES;
				GCC_WARN_ABOUT_RETURN_TYPE = YES_ERROR;
				GCC_WARN_UNDECLARED_SELECTOR = YES;
				GCC_WARN_UNINITIALIZED_AUTOS = YES;
				GCC_WARN_UNUSED_FUNCTION = YES;
				GCC_WARN_UNUSED_VARIABLE = YES;
				IPHONEOS_DEPLOYMENT_TARGET = 7.0;
				SDKROOT = iphoneos;
				TARGETED_DEVICE_FAMILY = "1,2";
				VALIDATE_PRODUCT = YES;
			};
			name = Release;
		};
		1BB59B411839F0AC00DB5BBA /* Debug */ = {
			isa = XCBuildConfiguration;
			buildSettings = {
				ASSETCATALOG_COMPILER_APPICON_NAME = AppIcon;
				ASSETCATALOG_COMPILER_LAUNCHIMAGE_NAME = LaunchImage;
				GCC_PRECOMPILE_PREFIX_HEADER = YES;
				GCC_PREFIX_HEADER = "Kata1_1711/Kata1_1711-Prefix.pch";
				INFOPLIST_FILE = "Kata1_1711/Kata1_1711-Info.plist";
				PRODUCT_NAME = "$(TARGET_NAME)";
				WRAPPER_EXTENSION = app;
			};
			name = Debug;
		};
		1BB59B421839F0AC00DB5BBA /* Release */ = {
			isa = XCBuildConfiguration;
			buildSettings = {
				ASSETCATALOG_COMPILER_APPICON_NAME = AppIcon;
				ASSETCATALOG_COMPILER_LAUNCHIMAGE_NAME = LaunchImage;
				GCC_PRECOMPILE_PREFIX_HEADER = YES;
				GCC_PREFIX_HEADER = "Kata1_1711/Kata1_1711-Prefix.pch";
				INFOPLIST_FILE = "Kata1_1711/Kata1_1711-Info.plist";
				PRODUCT_NAME = "$(TARGET_NAME)";
				WRAPPER_EXTENSION = app;
			};
			name = Release;
		};
		1BB59B441839F0AC00DB5BBA /* Debug */ = {
			isa = XCBuildConfiguration;
			baseConfigurationReference = DCB97CD166C14D4FAD1AC034 /* Pods-Kata1_1711Tests.xcconfig */;
			buildSettings = {
				ARCHS = "$(ARCHS_STANDARD_INCLUDING_64_BIT)";
				BUNDLE_LOADER = "$(BUILT_PRODUCTS_DIR)/Kata1_1711.app/Kata1_1711";
				FRAMEWORK_SEARCH_PATHS = (
					"$(SDKROOT)/Developer/Library/Frameworks",
					"$(inherited)",
					"$(DEVELOPER_FRAMEWORKS_DIR)",
				);
				GCC_PRECOMPILE_PREFIX_HEADER = YES;
				GCC_PREFIX_HEADER = "Kata1_1711/Kata1_1711-Prefix.pch";
				GCC_PREPROCESSOR_DEFINITIONS = (
					"DEBUG=1",
					"$(inherited)",
				);
				INFOPLIST_FILE = "Kata1_1711Tests/Kata1_1711Tests-Info.plist";
				PRODUCT_NAME = "$(TARGET_NAME)";
				TEST_HOST = "$(BUNDLE_LOADER)";
				WRAPPER_EXTENSION = xctest;
			};
			name = Debug;
		};
		1BB59B451839F0AC00DB5BBA /* Release */ = {
			isa = XCBuildConfiguration;
			baseConfigurationReference = DCB97CD166C14D4FAD1AC034 /* Pods-Kata1_1711Tests.xcconfig */;
			buildSettings = {
				ARCHS = "$(ARCHS_STANDARD_INCLUDING_64_BIT)";
				BUNDLE_LOADER = "$(BUILT_PRODUCTS_DIR)/Kata1_1711.app/Kata1_1711";
				FRAMEWORK_SEARCH_PATHS = (
					"$(SDKROOT)/Developer/Library/Frameworks",
					"$(inherited)",
					"$(DEVELOPER_FRAMEWORKS_DIR)",
				);
				GCC_PRECOMPILE_PREFIX_HEADER = YES;
				GCC_PREFIX_HEADER = "Kata1_1711/Kata1_1711-Prefix.pch";
				INFOPLIST_FILE = "Kata1_1711Tests/Kata1_1711Tests-Info.plist";
				PRODUCT_NAME = "$(TARGET_NAME)";
				TEST_HOST = "$(BUNDLE_LOADER)";
				WRAPPER_EXTENSION = xctest;
			};
			name = Release;
		};
/* End XCBuildConfiguration section */

/* Begin XCConfigurationList section */
		1BB59B061839F0AC00DB5BBA /* Build configuration list for PBXProject "Kata1_1711" */ = {
			isa = XCConfigurationList;
			buildConfigurations = (
				1BB59B3E1839F0AC00DB5BBA /* Debug */,
				1BB59B3F1839F0AC00DB5BBA /* Release */,
			);
			defaultConfigurationIsVisible = 0;
			defaultConfigurationName = Release;
		};
		1BB59B401839F0AC00DB5BBA /* Build configuration list for PBXNativeTarget "Kata1_1711" */ = {
			isa = XCConfigurationList;
			buildConfigurations = (
				1BB59B411839F0AC00DB5BBA /* Debug */,
				1BB59B421839F0AC00DB5BBA /* Release */,
			);
			defaultConfigurationIsVisible = 0;
			defaultConfigurationName = Release;
		};
		1BB59B431839F0AC00DB5BBA /* Build configuration list for PBXNativeTarget "Kata1_1711Tests" */ = {
			isa = XCConfigurationList;
			buildConfigurations = (
				1BB59B441839F0AC00DB5BBA /* Debug */,
				1BB59B451839F0AC00DB5BBA /* Release */,
			);
			defaultConfigurationIsVisible = 0;
			defaultConfigurationName = Release;
		};
/* End XCConfigurationList section */
	};
	rootObject = 1BB59B031839F0AC00DB5BBA /* Project object */;
}
